// !$*UTF8*$!
{
	archiveVersion = 1;
	classes = {
	};
	objectVersion = 46;
	objects = {

/* Begin PBXBuildFile section */
		29A07BE81BE9565900F7D51D /* AppDelegate.swift in Sources */ = {isa = PBXBuildFile; fileRef = 29A07BE71BE9565900F7D51D /* AppDelegate.swift */; };
		29A07BEA1BE9565900F7D51D /* ViewController.swift in Sources */ = {isa = PBXBuildFile; fileRef = 29A07BE91BE9565900F7D51D /* ViewController.swift */; };
		29A07BED1BE9565900F7D51D /* Main.storyboard in Resources */ = {isa = PBXBuildFile; fileRef = 29A07BEB1BE9565900F7D51D /* Main.storyboard */; };
		29A07BEF1BE9565900F7D51D /* Assets.xcassets in Resources */ = {isa = PBXBuildFile; fileRef = 29A07BEE1BE9565900F7D51D /* Assets.xcassets */; };
		29A07BF21BE9565900F7D51D /* LaunchScreen.storyboard in Resources */ = {isa = PBXBuildFile; fileRef = 29A07BF01BE9565900F7D51D /* LaunchScreen.storyboard */; };
		29A07BFA1BE95D1800F7D51D /* TimelineTableViewController.swift in Sources */ = {isa = PBXBuildFile; fileRef = 29A07BF91BE95D1800F7D51D /* TimelineTableViewController.swift */; };
		29A07BFC1BE95D7800F7D51D /* PostDetailTableViewController.swift in Sources */ = {isa = PBXBuildFile; fileRef = 29A07BFB1BE95D7800F7D51D /* PostDetailTableViewController.swift */; };
		29A07BFE1BE95EC700F7D51D /* UserSearchTableViewController.swift in Sources */ = {isa = PBXBuildFile; fileRef = 29A07BFD1BE95EC700F7D51D /* UserSearchTableViewController.swift */; };
		29A07C001BE95FC800F7D51D /* ProfileViewController.swift in Sources */ = {isa = PBXBuildFile; fileRef = 29A07BFF1BE95FC800F7D51D /* ProfileViewController.swift */; };
		29A07C021BE9614700F7D51D /* AddPhotoTableViewController.swift in Sources */ = {isa = PBXBuildFile; fileRef = 29A07C011BE9614700F7D51D /* AddPhotoTableViewController.swift */; };
		29A07C041BE9628200F7D51D /* LoginSignupPickerViewController.swift in Sources */ = {isa = PBXBuildFile; fileRef = 29A07C031BE9628200F7D51D /* LoginSignupPickerViewController.swift */; };
		29A07C061BE9630200F7D51D /* LoginSignupViewController.swift in Sources */ = {isa = PBXBuildFile; fileRef = 29A07C051BE9630200F7D51D /* LoginSignupViewController.swift */; };
		29A07C081BE9676500F7D51D /* User.swift in Sources */ = {isa = PBXBuildFile; fileRef = 29A07C071BE9676500F7D51D /* User.swift */; };
		29A07C0A1BE9691500F7D51D /* Post.swift in Sources */ = {isa = PBXBuildFile; fileRef = 29A07C091BE9691500F7D51D /* Post.swift */; };
		29A07C0C1BE96A2C00F7D51D /* Comment.swift in Sources */ = {isa = PBXBuildFile; fileRef = 29A07C0B1BE96A2C00F7D51D /* Comment.swift */; };
		29A07C0E1BE96CA100F7D51D /* Like.swift in Sources */ = {isa = PBXBuildFile; fileRef = 29A07C0D1BE96CA100F7D51D /* Like.swift */; };
		29A07C101BE96E1B00F7D51D /* UserController.swift in Sources */ = {isa = PBXBuildFile; fileRef = 29A07C0F1BE96E1B00F7D51D /* UserController.swift */; };
/* End PBXBuildFile section */

/* Begin PBXFileReference section */
		29A07BE41BE9565900F7D51D /* Timeline.app */ = {isa = PBXFileReference; explicitFileType = wrapper.application; includeInIndex = 0; path = Timeline.app; sourceTree = BUILT_PRODUCTS_DIR; };
		29A07BE71BE9565900F7D51D /* AppDelegate.swift */ = {isa = PBXFileReference; lastKnownFileType = sourcecode.swift; path = AppDelegate.swift; sourceTree = "<group>"; };
		29A07BE91BE9565900F7D51D /* ViewController.swift */ = {isa = PBXFileReference; lastKnownFileType = sourcecode.swift; path = ViewController.swift; sourceTree = "<group>"; };
		29A07BEC1BE9565900F7D51D /* Base */ = {isa = PBXFileReference; lastKnownFileType = file.storyboard; name = Base; path = Base.lproj/Main.storyboard; sourceTree = "<group>"; };
		29A07BEE1BE9565900F7D51D /* Assets.xcassets */ = {isa = PBXFileReference; lastKnownFileType = folder.assetcatalog; path = Assets.xcassets; sourceTree = "<group>"; };
		29A07BF11BE9565900F7D51D /* Base */ = {isa = PBXFileReference; lastKnownFileType = file.storyboard; name = Base; path = Base.lproj/LaunchScreen.storyboard; sourceTree = "<group>"; };
		29A07BF31BE9565900F7D51D /* Info.plist */ = {isa = PBXFileReference; lastKnownFileType = text.plist.xml; path = Info.plist; sourceTree = "<group>"; };
		29A07BF91BE95D1800F7D51D /* TimelineTableViewController.swift */ = {isa = PBXFileReference; fileEncoding = 4; lastKnownFileType = sourcecode.swift; path = TimelineTableViewController.swift; sourceTree = "<group>"; };
		29A07BFB1BE95D7800F7D51D /* PostDetailTableViewController.swift */ = {isa = PBXFileReference; fileEncoding = 4; lastKnownFileType = sourcecode.swift; path = PostDetailTableViewController.swift; sourceTree = "<group>"; };
		29A07BFD1BE95EC700F7D51D /* UserSearchTableViewController.swift */ = {isa = PBXFileReference; fileEncoding = 4; lastKnownFileType = sourcecode.swift; path = UserSearchTableViewController.swift; sourceTree = "<group>"; };
		29A07BFF1BE95FC800F7D51D /* ProfileViewController.swift */ = {isa = PBXFileReference; fileEncoding = 4; lastKnownFileType = sourcecode.swift; path = ProfileViewController.swift; sourceTree = "<group>"; };
		29A07C011BE9614700F7D51D /* AddPhotoTableViewController.swift */ = {isa = PBXFileReference; fileEncoding = 4; lastKnownFileType = sourcecode.swift; path = AddPhotoTableViewController.swift; sourceTree = "<group>"; };
		29A07C031BE9628200F7D51D /* LoginSignupPickerViewController.swift */ = {isa = PBXFileReference; fileEncoding = 4; lastKnownFileType = sourcecode.swift; path = LoginSignupPickerViewController.swift; sourceTree = "<group>"; };
		29A07C051BE9630200F7D51D /* LoginSignupViewController.swift */ = {isa = PBXFileReference; fileEncoding = 4; lastKnownFileType = sourcecode.swift; path = LoginSignupViewController.swift; sourceTree = "<group>"; };
		29A07C071BE9676500F7D51D /* User.swift */ = {isa = PBXFileReference; fileEncoding = 4; lastKnownFileType = sourcecode.swift; path = User.swift; sourceTree = "<group>"; };
		29A07C091BE9691500F7D51D /* Post.swift */ = {isa = PBXFileReference; fileEncoding = 4; lastKnownFileType = sourcecode.swift; path = Post.swift; sourceTree = "<group>"; };
		29A07C0B1BE96A2C00F7D51D /* Comment.swift */ = {isa = PBXFileReference; fileEncoding = 4; lastKnownFileType = sourcecode.swift; path = Comment.swift; sourceTree = "<group>"; };
		29A07C0D1BE96CA100F7D51D /* Like.swift */ = {isa = PBXFileReference; fileEncoding = 4; lastKnownFileType = sourcecode.swift; path = Like.swift; sourceTree = "<group>"; };
		29A07C0F1BE96E1B00F7D51D /* UserController.swift */ = {isa = PBXFileReference; fileEncoding = 4; lastKnownFileType = sourcecode.swift; path = UserController.swift; sourceTree = "<group>"; };
/* End PBXFileReference section */

/* Begin PBXFrameworksBuildPhase section */
		29A07BE11BE9565900F7D51D /* Frameworks */ = {
			isa = PBXFrameworksBuildPhase;
			buildActionMask = 2147483647;
			files = (
			);
			runOnlyForDeploymentPostprocessing = 0;
		};
/* End PBXFrameworksBuildPhase section */

/* Begin PBXGroup section */
		29A07BDB1BE9565900F7D51D = {
			isa = PBXGroup;
			children = (
				29A07BE61BE9565900F7D51D /* Timeline */,
				29A07BE51BE9565900F7D51D /* Products */,
			);
			sourceTree = "<group>";
		};
		29A07BE51BE9565900F7D51D /* Products */ = {
			isa = PBXGroup;
			children = (
				29A07BE41BE9565900F7D51D /* Timeline.app */,
			);
			name = Products;
			sourceTree = "<group>";
		};
		29A07BE61BE9565900F7D51D /* Timeline */ = {
			isa = PBXGroup;
			children = (
				29A07BE71BE9565900F7D51D /* AppDelegate.swift */,
				29A07BE91BE9565900F7D51D /* ViewController.swift */,
				29A07BEB1BE9565900F7D51D /* Main.storyboard */,
				29A07C071BE9676500F7D51D /* User.swift */,
				29A07C091BE9691500F7D51D /* Post.swift */,
				29A07C0D1BE96CA100F7D51D /* Like.swift */,
				29A07C0F1BE96E1B00F7D51D /* UserController.swift */,
				29A07C0B1BE96A2C00F7D51D /* Comment.swift */,
				29A07C051BE9630200F7D51D /* LoginSignupViewController.swift */,
				29A07C031BE9628200F7D51D /* LoginSignupPickerViewController.swift */,
				29A07C011BE9614700F7D51D /* AddPhotoTableViewController.swift */,
				29A07BFF1BE95FC800F7D51D /* ProfileViewController.swift */,
				29A07BFD1BE95EC700F7D51D /* UserSearchTableViewController.swift */,
				29A07BFB1BE95D7800F7D51D /* PostDetailTableViewController.swift */,
				29A07BF91BE95D1800F7D51D /* TimelineTableViewController.swift */,
				29A07BEE1BE9565900F7D51D /* Assets.xcassets */,
				29A07BF01BE9565900F7D51D /* LaunchScreen.storyboard */,
				29A07BF31BE9565900F7D51D /* Info.plist */,
			);
			path = Timeline;
			sourceTree = "<group>";
		};
/* End PBXGroup section */

/* Begin PBXNativeTarget section */
		29A07BE31BE9565900F7D51D /* Timeline */ = {
			isa = PBXNativeTarget;
			buildConfigurationList = 29A07BF61BE9565900F7D51D /* Build configuration list for PBXNativeTarget "Timeline" */;
			buildPhases = (
				29A07BE01BE9565900F7D51D /* Sources */,
				29A07BE11BE9565900F7D51D /* Frameworks */,
				29A07BE21BE9565900F7D51D /* Resources */,
			);
			buildRules = (
			);
			dependencies = (
			);
			name = Timeline;
			productName = Timeline;
			productReference = 29A07BE41BE9565900F7D51D /* Timeline.app */;
			productType = "com.apple.product-type.application";
		};
/* End PBXNativeTarget section */

/* Begin PBXProject section */
		29A07BDC1BE9565900F7D51D /* Project object */ = {
			isa = PBXProject;
			attributes = {
				LastSwiftUpdateCheck = 0710;
				LastUpgradeCheck = 0710;
				ORGANIZATIONNAME = "Josh Burt";
				TargetAttributes = {
					29A07BE31BE9565900F7D51D = {
						CreatedOnToolsVersion = 7.1;
					};
				};
			};
			buildConfigurationList = 29A07BDF1BE9565900F7D51D /* Build configuration list for PBXProject "Timeline" */;
			compatibilityVersion = "Xcode 3.2";
			developmentRegion = English;
			hasScannedForEncodings = 0;
			knownRegions = (
				en,
				Base,
			);
			mainGroup = 29A07BDB1BE9565900F7D51D;
			productRefGroup = 29A07BE51BE9565900F7D51D /* Products */;
			projectDirPath = "";
			projectRoot = "";
			targets = (
				29A07BE31BE9565900F7D51D /* Timeline */,
			);
		};
/* End PBXProject section */

/* Begin PBXResourcesBuildPhase section */
		29A07BE21BE9565900F7D51D /* Resources */ = {
			isa = PBXResourcesBuildPhase;
			buildActionMask = 2147483647;
			files = (
				29A07BF21BE9565900F7D51D /* LaunchScreen.storyboard in Resources */,
				29A07BEF1BE9565900F7D51D /* Assets.xcassets in Resources */,
				29A07BED1BE9565900F7D51D /* Main.storyboard in Resources */,
			);
			runOnlyForDeploymentPostprocessing = 0;
		};
/* End PBXResourcesBuildPhase section */

/* Begin PBXSourcesBuildPhase section */
		29A07BE01BE9565900F7D51D /* Sources */ = {
			isa = PBXSourcesBuildPhase;
			buildActionMask = 2147483647;
			files = (
				29A07C001BE95FC800F7D51D /* ProfileViewController.swift in Sources */,
				29A07C0A1BE9691500F7D51D /* Post.swift in Sources */,
				29A07BFE1BE95EC700F7D51D /* UserSearchTableViewController.swift in Sources */,
				29A07BEA1BE9565900F7D51D /* ViewController.swift in Sources */,
				29A07C101BE96E1B00F7D51D /* UserController.swift in Sources */,
				29A07C0E1BE96CA100F7D51D /* Like.swift in Sources */,
				29A07BFA1BE95D1800F7D51D /* TimelineTableViewController.swift in Sources */,
				29A07C061BE9630200F7D51D /* LoginSignupViewController.swift in Sources */,
				29A07C041BE9628200F7D51D /* LoginSignupPickerViewController.swift in Sources */,
				29A07C0C1BE96A2C00F7D51D /* Comment.swift in Sources */,
				29A07BFC1BE95D7800F7D51D /* PostDetailTableViewController.swift in Sources */,
				29A07BE81BE9565900F7D51D /* AppDelegate.swift in Sources */,
				29A07C081BE9676500F7D51D /* User.swift in Sources */,
				29A07C021BE9614700F7D51D /* AddPhotoTableViewController.swift in Sources */,
			);
			runOnlyForDeploymentPostprocessing = 0;
		};
/* End PBXSourcesBuildPhase section */

/* Begin PBXVariantGroup section */
		29A07BEB1BE9565900F7D51D /* Main.storyboard */ = {
			isa = PBXVariantGroup;
			children = (
				29A07BEC1BE9565900F7D51D /* Base */,
			);
			name = Main.storyboard;
			sourceTree = "<group>";
		};
		29A07BF01BE9565900F7D51D /* LaunchScreen.storyboard */ = {
			isa = PBXVariantGroup;
			children = (
				29A07BF11BE9565900F7D51D /* Base */,
			);
			name = LaunchScreen.storyboard;
			sourceTree = "<group>";
		};
/* End PBXVariantGroup section */

/* Begin XCBuildConfiguration section */
		29A07BF41BE9565900F7D51D /* Debug */ = {
			isa = XCBuildConfiguration;
			buildSettings = {
				ALWAYS_SEARCH_USER_PATHS = NO;
				CLANG_CXX_LANGUAGE_STANDARD = "gnu++0x";
				CLANG_CXX_LIBRARY = "libc++";
				CLANG_ENABLE_MODULES = YES;
				CLANG_ENABLE_OBJC_ARC = YES;
				CLANG_WARN_BOOL_CONVERSION = YES;
				CLANG_WARN_CONSTANT_CONVERSION = YES;
				CLANG_WARN_DIRECT_OBJC_ISA_USAGE = YES_ERROR;
				CLANG_WARN_EMPTY_BODY = YES;
				CLANG_WARN_ENUM_CONVERSION = YES;
				CLANG_WARN_INT_CONVERSION = YES;
				CLANG_WARN_OBJC_ROOT_CLASS = YES_ERROR;
				CLANG_WARN_UNREACHABLE_CODE = YES;
				CLANG_WARN__DUPLICATE_METHOD_MATCH = YES;
				"CODE_SIGN_IDENTITY[sdk=iphoneos*]" = "iPhone Developer";
				COPY_PHASE_STRIP = NO;
				DEBUG_INFORMATION_FORMAT = dwarf;
				ENABLE_STRICT_OBJC_MSGSEND = YES;
				ENABLE_TESTABILITY = YES;
				GCC_C_LANGUAGE_STANDARD = gnu99;
				GCC_DYNAMIC_NO_PIC = NO;
				GCC_NO_COMMON_BLOCKS = YES;
				GCC_OPTIMIZATION_LEVEL = 0;
				GCC_PREPROCESSOR_DEFINITIONS = (
					"DEBUG=1",
					"$(inherited)",
				);
				GCC_WARN_64_TO_32_BIT_CONVERSION = YES;
				GCC_WARN_ABOUT_RETURN_TYPE = YES_ERROR;
				GCC_WARN_UNDECLARED_SELECTOR = YES;
				GCC_WARN_UNINITIALIZED_AUTOS = YES_AGGRESSIVE;
				GCC_WARN_UNUSED_FUNCTION = YES;
				GCC_WARN_UNUSED_VARIABLE = YES;
				IPHONEOS_DEPLOYMENT_TARGET = 9.1;
				MTL_ENABLE_DEBUG_INFO = YES;
				ONLY_ACTIVE_ARCH = YES;
				SDKROOT = iphoneos;
				SWIFT_OPTIMIZATION_LEVEL = "-Onone";
			};
			name = Debug;
		};
		29A07BF51BE9565900F7D51D /* Release */ = {
			isa = XCBuildConfiguration;
			buildSettings = {
				ALWAYS_SEARCH_USER_PATHS = NO;
				CLANG_CXX_LANGUAGE_STANDARD = "gnu++0x";
				CLANG_CXX_LIBRARY = "libc++";
				CLANG_ENABLE_MODULES = YES;
				CLANG_ENABLE_OBJC_ARC = YES;
				CLANG_WARN_BOOL_CONVERSION = YES;
				CLANG_WARN_CONSTANT_CONVERSION = YES;
				CLANG_WARN_DIRECT_OBJC_ISA_USAGE = YES_ERROR;
				CLANG_WARN_EMPTY_BODY = YES;
				CLANG_WARN_ENUM_CONVERSION = YES;
				CLANG_WARN_INT_CONVERSION = YES;
				CLANG_WARN_OBJC_ROOT_CLASS = YES_ERROR;
				CLANG_WARN_UNREACHABLE_CODE = YES;
				CLANG_WARN__DUPLICATE_METHOD_MATCH = YES;
				"CODE_SIGN_IDENTITY[sdk=iphoneos*]" = "iPhone Developer";
				COPY_PHASE_STRIP = NO;
				DEBUG_INFORMATION_FORMAT = "dwarf-with-dsym";
				ENABLE_NS_ASSERTIONS = NO;
				ENABLE_STRICT_OBJC_MSGSEND = YES;
				GCC_C_LANGUAGE_STANDARD = gnu99;
				GCC_NO_COMMON_BLOCKS = YES;
				GCC_WARN_64_TO_32_BIT_CONVERSION = YES;
				GCC_WARN_ABOUT_RETURN_TYPE = YES_ERROR;
				GCC_WARN_UNDECLARED_SELECTOR = YES;
				GCC_WARN_UNINITIALIZED_AUTOS = YES_AGGRESSIVE;
				GCC_WARN_UNUSED_FUNCTION = YES;
				GCC_WARN_UNUSED_VARIABLE = YES;
				IPHONEOS_DEPLOYMENT_TARGET = 9.1;
				MTL_ENABLE_DEBUG_INFO = NO;
				SDKROOT = iphoneos;
				VALIDATE_PRODUCT = YES;
			};
			name = Release;
		};
		29A07BF71BE9565900F7D51D /* Debug */ = {
			isa = XCBuildConfiguration;
			buildSettings = {
				ASSETCATALOG_COMPILER_APPICON_NAME = AppIcon;
				INFOPLIST_FILE = Timeline/Info.plist;
				LD_RUNPATH_SEARCH_PATHS = "$(inherited) @executable_path/Frameworks";
				PRODUCT_BUNDLE_IDENTIFIER = JB.Timeline;
				PRODUCT_NAME = "$(TARGET_NAME)";
			};
			name = Debug;
		};
		29A07BF81BE9565900F7D51D /* Release */ = {
			isa = XCBuildConfiguration;
			buildSettings = {
				ASSETCATALOG_COMPILER_APPICON_NAME = AppIcon;
				INFOPLIST_FILE = Timeline/Info.plist;
				LD_RUNPATH_SEARCH_PATHS = "$(inherited) @executable_path/Frameworks";
				PRODUCT_BUNDLE_IDENTIFIER = JB.Timeline;
				PRODUCT_NAME = "$(TARGET_NAME)";
			};
			name = Release;
		};
/* End XCBuildConfiguration section */

/* Begin XCConfigurationList section */
		29A07BDF1BE9565900F7D51D /* Build configuration list for PBXProject "Timeline" */ = {
			isa = XCConfigurationList;
			buildConfigurations = (
				29A07BF41BE9565900F7D51D /* Debug */,
				29A07BF51BE9565900F7D51D /* Release */,
			);
			defaultConfigurationIsVisible = 0;
			defaultConfigurationName = Release;
		};
		29A07BF61BE9565900F7D51D /* Build configuration list for PBXNativeTarget "Timeline" */ = {
			isa = XCConfigurationList;
			buildConfigurations = (
				29A07BF71BE9565900F7D51D /* Debug */,
				29A07BF81BE9565900F7D51D /* Release */,
			);
			defaultConfigurationIsVisible = 0;
			defaultConfigurationName = Release;
		};
/* End XCConfigurationList section */
	};
	rootObject = 29A07BDC1BE9565900F7D51D /* Project object */;
}
